
Microsoft Visual Studio Solution File, Format Version 12.00
# Visual Studio Version 17
VisualStudioVersion = 17.5.33530.505
MinimumVisualStudioVersion = 10.0.40219.1
Project("{FAE04EC0-301F-11D3-BF4B-00C04F79EFBC}") = "JogoDaForcaForm", "JogoDaForcaForm\JogoDaForcaForm.csproj", "{46DE80DA-004C-4B46-829A-64F9D20FAF3A}"
EndProject
Global
	GlobalSection(SolutionConfigurationPlatforms) = preSolution
		Debug|Any CPU = Debug|Any CPU
		Release|Any CPU = Release|Any CPU
	EndGlobalSection
	GlobalSection(ProjectConfigurationPlatforms) = postSolution
		{46DE80DA-004C-4B46-829A-64F9D20FAF3A}.Debug|Any CPU.ActiveCfg = Debug|Any CPU
		{46DE80DA-004C-4B46-829A-64F9D20FAF3A}.Debug|Any CPU.Build.0 = Debug|Any CPU
		{46DE80DA-004C-4B46-829A-64F9D20FAF3A}.Release|Any CPU.ActiveCfg = Release|Any CPU
		{46DE80DA-004C-4B46-829A-64F9D20FAF3A}.Release|Any CPU.Build.0 = Release|Any CPU
	EndGlobalSection
	GlobalSection(SolutionProperties) = preSolution
		HideSolutionNode = FALSE
	EndGlobalSection
	GlobalSection(ExtensibilityGlobals) = postSolution
		SolutionGuid = {87E6E517-B0C3-4F9E-AD77-8EB279608C89}
	EndGlobalSection
EndGlobal
